
Microsoft Visual Studio Solution File, Format Version 12.00
# Visual Studio Version 17
VisualStudioVersion = 17.10.35122.118
MinimumVisualStudioVersion = 10.0.40219.1
Project("{9A19103F-16F7-4668-BE54-9A1E7A4F7556}") = "Entities", "Entities\Entities.csproj", "{0DC05829-5233-4808-8D67-D46701F2BE1D}"
EndProject
Project("{9A19103F-16F7-4668-BE54-9A1E7A4F7556}") = "DataAccess", "DataAccess\DataAccess.csproj", "{6E16D96C-15CC-4328-AD42-C88A97AA2D5C}"
EndProject
Project("{9A19103F-16F7-4668-BE54-9A1E7A4F7556}") = "Business", "Business\Business.csproj", "{3E504A37-0DDE-4DCD-B38B-05FFF44A540E}"
EndProject
Project("{9A19103F-16F7-4668-BE54-9A1E7A4F7556}") = "Core", "Core\Core.csproj", "{9F974D2F-ED1F-4026-8CCE-3D5390E6386A}"
EndProject
Project("{9A19103F-16F7-4668-BE54-9A1E7A4F7556}") = "WebAPI", "WebAPI\WebAPI.csproj", "{C30014CC-1CD3-41B4-98F2-3029D1E04EE5}"
EndProject
Global
	GlobalSection(SolutionConfigurationPlatforms) = preSolution
		Debug|Any CPU = Debug|Any CPU
		Release|Any CPU = Release|Any CPU
	EndGlobalSection
	GlobalSection(ProjectConfigurationPlatforms) = postSolution
		{0DC05829-5233-4808-8D67-D46701F2BE1D}.Debug|Any CPU.ActiveCfg = Debug|Any CPU
		{0DC05829-5233-4808-8D67-D46701F2BE1D}.Debug|Any CPU.Build.0 = Debug|Any CPU
		{0DC05829-5233-4808-8D67-D46701F2BE1D}.Release|Any CPU.ActiveCfg = Release|Any CPU
		{0DC05829-5233-4808-8D67-D46701F2BE1D}.Release|Any CPU.Build.0 = Release|Any CPU
		{6E16D96C-15CC-4328-AD42-C88A97AA2D5C}.Debug|Any CPU.ActiveCfg = Debug|Any CPU
		{6E16D96C-15CC-4328-AD42-C88A97AA2D5C}.Debug|Any CPU.Build.0 = Debug|Any CPU
		{6E16D96C-15CC-4328-AD42-C88A97AA2D5C}.Release|Any CPU.ActiveCfg = Release|Any CPU
		{6E16D96C-15CC-4328-AD42-C88A97AA2D5C}.Release|Any CPU.Build.0 = Release|Any CPU
		{3E504A37-0DDE-4DCD-B38B-05FFF44A540E}.Debug|Any CPU.ActiveCfg = Debug|Any CPU
		{3E504A37-0DDE-4DCD-B38B-05FFF44A540E}.Debug|Any CPU.Build.0 = Debug|Any CPU
		{3E504A37-0DDE-4DCD-B38B-05FFF44A540E}.Release|Any CPU.ActiveCfg = Release|Any CPU
		{3E504A37-0DDE-4DCD-B38B-05FFF44A540E}.Release|Any CPU.Build.0 = Release|Any CPU
		{9F974D2F-ED1F-4026-8CCE-3D5390E6386A}.Debug|Any CPU.ActiveCfg = Debug|Any CPU
		{9F974D2F-ED1F-4026-8CCE-3D5390E6386A}.Debug|Any CPU.Build.0 = Debug|Any CPU
		{9F974D2F-ED1F-4026-8CCE-3D5390E6386A}.Release|Any CPU.ActiveCfg = Release|Any CPU
		{9F974D2F-ED1F-4026-8CCE-3D5390E6386A}.Release|Any CPU.Build.0 = Release|Any CPU
		{C30014CC-1CD3-41B4-98F2-3029D1E04EE5}.Debug|Any CPU.ActiveCfg = Debug|Any CPU
		{C30014CC-1CD3-41B4-98F2-3029D1E04EE5}.Debug|Any CPU.Build.0 = Debug|Any CPU
		{C30014CC-1CD3-41B4-98F2-3029D1E04EE5}.Release|Any CPU.ActiveCfg = Release|Any CPU
		{C30014CC-1CD3-41B4-98F2-3029D1E04EE5}.Release|Any CPU.Build.0 = Release|Any CPU
	EndGlobalSection
	GlobalSection(SolutionProperties) = preSolution
		HideSolutionNode = FALSE
	EndGlobalSection
	GlobalSection(ExtensibilityGlobals) = postSolution
		SolutionGuid = {B267312D-C29F-476B-A70C-EC0F9284FAD0}
	EndGlobalSection
EndGlobal
